// !$*UTF8*$!
{
	archiveVersion = 1;
	classes = {
	};
	objectVersion = 56;
	objects = {

/* Begin PBXBuildFile section */
		4607B2622B41A3FB005B3C9B /* mohamApp.swift in Sources */ = {isa = PBXBuildFile; fileRef = 4607B2612B41A3FB005B3C9B /* mohamApp.swift */; };
		4607B2642B41A3FB005B3C9B /* ContentView.swift in Sources */ = {isa = PBXBuildFile; fileRef = 4607B2632B41A3FB005B3C9B /* ContentView.swift */; };
		4607B2662B41A3FC005B3C9B /* Assets.xcassets in Resources */ = {isa = PBXBuildFile; fileRef = 4607B2652B41A3FC005B3C9B /* Assets.xcassets */; };
		4607B2692B41A3FC005B3C9B /* Preview Assets.xcassets in Resources */ = {isa = PBXBuildFile; fileRef = 4607B2682B41A3FC005B3C9B /* Preview Assets.xcassets */; };
		4607B2722B41A4CA005B3C9B /* LaunchScreenView.swift in Sources */ = {isa = PBXBuildFile; fileRef = 4607B2712B41A4CA005B3C9B /* LaunchScreenView.swift */; };
		4607B2742B41ADE0005B3C9B /* LoginView.swift in Sources */ = {isa = PBXBuildFile; fileRef = 4607B2732B41ADE0005B3C9B /* LoginView.swift */; };
		46A9C9D52B41C28200EAD15C /* KakaoSDK in Frameworks */ = {isa = PBXBuildFile; productRef = 46A9C9D42B41C28200EAD15C /* KakaoSDK */; };
		46A9C9D72B41C28200EAD15C /* KakaoSDKAuth in Frameworks */ = {isa = PBXBuildFile; productRef = 46A9C9D62B41C28200EAD15C /* KakaoSDKAuth */; };
		46A9C9D92B41C28200EAD15C /* KakaoSDKCert in Frameworks */ = {isa = PBXBuildFile; productRef = 46A9C9D82B41C28200EAD15C /* KakaoSDKCert */; };
		46A9C9DB2B41C28200EAD15C /* KakaoSDKCertCore in Frameworks */ = {isa = PBXBuildFile; productRef = 46A9C9DA2B41C28200EAD15C /* KakaoSDKCertCore */; };
		46A9C9DD2B41C28200EAD15C /* KakaoSDKCommon in Frameworks */ = {isa = PBXBuildFile; productRef = 46A9C9DC2B41C28200EAD15C /* KakaoSDKCommon */; };
		46A9C9DF2B41C28200EAD15C /* KakaoSDKFriend in Frameworks */ = {isa = PBXBuildFile; productRef = 46A9C9DE2B41C28200EAD15C /* KakaoSDKFriend */; };
		46A9C9E12B41C28200EAD15C /* KakaoSDKFriendCore in Frameworks */ = {isa = PBXBuildFile; productRef = 46A9C9E02B41C28200EAD15C /* KakaoSDKFriendCore */; };
		46A9C9E32B41C28200EAD15C /* KakaoSDKNavi in Frameworks */ = {isa = PBXBuildFile; productRef = 46A9C9E22B41C28200EAD15C /* KakaoSDKNavi */; };
		46A9C9E52B41C28200EAD15C /* KakaoSDKShare in Frameworks */ = {isa = PBXBuildFile; productRef = 46A9C9E42B41C28200EAD15C /* KakaoSDKShare */; };
		46A9C9E72B41C28200EAD15C /* KakaoSDKTalk in Frameworks */ = {isa = PBXBuildFile; productRef = 46A9C9E62B41C28200EAD15C /* KakaoSDKTalk */; };
		46A9C9E92B41C28200EAD15C /* KakaoSDKTemplate in Frameworks */ = {isa = PBXBuildFile; productRef = 46A9C9E82B41C28200EAD15C /* KakaoSDKTemplate */; };
		46A9C9EB2B41C28200EAD15C /* KakaoSDKUser in Frameworks */ = {isa = PBXBuildFile; productRef = 46A9C9EA2B41C28200EAD15C /* KakaoSDKUser */; };
		46A9C9F12B41E56700EAD15C /* KakaoAuthService.swift in Sources */ = {isa = PBXBuildFile; fileRef = 46A9C9F02B41E56700EAD15C /* KakaoAuthService.swift */; };
		46A9C9F32B4536C300EAD15C /* AuthService.swift in Sources */ = {isa = PBXBuildFile; fileRef = 46A9C9F22B4536C300EAD15C /* AuthService.swift */; };
/* End PBXBuildFile section */

/* Begin PBXFileReference section */
		4607B25E2B41A3FB005B3C9B /* moham.app */ = {isa = PBXFileReference; explicitFileType = wrapper.application; includeInIndex = 0; path = moham.app; sourceTree = BUILT_PRODUCTS_DIR; };
		4607B2612B41A3FB005B3C9B /* mohamApp.swift */ = {isa = PBXFileReference; lastKnownFileType = sourcecode.swift; path = mohamApp.swift; sourceTree = "<group>"; };
		4607B2632B41A3FB005B3C9B /* ContentView.swift */ = {isa = PBXFileReference; lastKnownFileType = sourcecode.swift; path = ContentView.swift; sourceTree = "<group>"; };
		4607B2652B41A3FC005B3C9B /* Assets.xcassets */ = {isa = PBXFileReference; lastKnownFileType = folder.assetcatalog; path = Assets.xcassets; sourceTree = "<group>"; };
		4607B2682B41A3FC005B3C9B /* Preview Assets.xcassets */ = {isa = PBXFileReference; lastKnownFileType = folder.assetcatalog; path = "Preview Assets.xcassets"; sourceTree = "<group>"; };
		4607B2712B41A4CA005B3C9B /* LaunchScreenView.swift */ = {isa = PBXFileReference; lastKnownFileType = sourcecode.swift; path = LaunchScreenView.swift; sourceTree = "<group>"; };
		4607B2732B41ADE0005B3C9B /* LoginView.swift */ = {isa = PBXFileReference; lastKnownFileType = sourcecode.swift; path = LoginView.swift; sourceTree = "<group>"; };
		4607B2752B41B50F005B3C9B /* Info.plist */ = {isa = PBXFileReference; lastKnownFileType = text.plist; path = Info.plist; sourceTree = "<group>"; };
		46A9C9EC2B41C32600EAD15C /* Config.xcconfig */ = {isa = PBXFileReference; lastKnownFileType = text.xcconfig; path = Config.xcconfig; sourceTree = "<group>"; };
		46A9C9F02B41E56700EAD15C /* KakaoAuthService.swift */ = {isa = PBXFileReference; lastKnownFileType = sourcecode.swift; path = KakaoAuthService.swift; sourceTree = "<group>"; };
		46A9C9F22B4536C300EAD15C /* AuthService.swift */ = {isa = PBXFileReference; lastKnownFileType = sourcecode.swift; path = AuthService.swift; sourceTree = "<group>"; };
/* End PBXFileReference section */

/* Begin PBXFrameworksBuildPhase section */
		4607B25B2B41A3FB005B3C9B /* Frameworks */ = {
			isa = PBXFrameworksBuildPhase;
			buildActionMask = 2147483647;
			files = (
				46A9C9E12B41C28200EAD15C /* KakaoSDKFriendCore in Frameworks */,
				46A9C9DB2B41C28200EAD15C /* KakaoSDKCertCore in Frameworks */,
				46A9C9D92B41C28200EAD15C /* KakaoSDKCert in Frameworks */,
				46A9C9E92B41C28200EAD15C /* KakaoSDKTemplate in Frameworks */,
				46A9C9E32B41C28200EAD15C /* KakaoSDKNavi in Frameworks */,
				46A9C9D52B41C28200EAD15C /* KakaoSDK in Frameworks */,
				46A9C9DD2B41C28200EAD15C /* KakaoSDKCommon in Frameworks */,
				46A9C9D72B41C28200EAD15C /* KakaoSDKAuth in Frameworks */,
				46A9C9EB2B41C28200EAD15C /* KakaoSDKUser in Frameworks */,
				46A9C9E72B41C28200EAD15C /* KakaoSDKTalk in Frameworks */,
				46A9C9DF2B41C28200EAD15C /* KakaoSDKFriend in Frameworks */,
				46A9C9E52B41C28200EAD15C /* KakaoSDKShare in Frameworks */,
			);
			runOnlyForDeploymentPostprocessing = 0;
		};
/* End PBXFrameworksBuildPhase section */

/* Begin PBXGroup section */
		4607B2552B41A3FB005B3C9B = {
			isa = PBXGroup;
			children = (
				4607B2602B41A3FB005B3C9B /* moham */,
				4607B25F2B41A3FB005B3C9B /* Products */,
			);
			sourceTree = "<group>";
		};
		4607B25F2B41A3FB005B3C9B /* Products */ = {
			isa = PBXGroup;
			children = (
				4607B25E2B41A3FB005B3C9B /* moham.app */,
			);
			name = Products;
			sourceTree = "<group>";
		};
		4607B2602B41A3FB005B3C9B /* moham */ = {
			isa = PBXGroup;
			children = (
				4607B2752B41B50F005B3C9B /* Info.plist */,
				46A9C9EF2B41DC2400EAD15C /* APIs */,
				4607B2702B41A463005B3C9B /* Models */,
				4607B26F2B41A404005B3C9B /* Views */,
				4607B2612B41A3FB005B3C9B /* mohamApp.swift */,
				4607B2652B41A3FC005B3C9B /* Assets.xcassets */,
				46A9C9EC2B41C32600EAD15C /* Config.xcconfig */,
				4607B2672B41A3FC005B3C9B /* Preview Content */,
			);
			path = moham;
			sourceTree = "<group>";
		};
		4607B2672B41A3FC005B3C9B /* Preview Content */ = {
			isa = PBXGroup;
			children = (
				4607B2682B41A3FC005B3C9B /* Preview Assets.xcassets */,
			);
			path = "Preview Content";
			sourceTree = "<group>";
		};
		4607B26F2B41A404005B3C9B /* Views */ = {
			isa = PBXGroup;
			children = (
				46A9C9EE2B41DBB900EAD15C /* Components */,
				46A9C9ED2B41DB4100EAD15C /* Screens */,
			);
			path = Views;
			sourceTree = "<group>";
		};
		4607B2702B41A463005B3C9B /* Models */ = {
			isa = PBXGroup;
			children = (
			);
			path = Models;
			sourceTree = "<group>";
		};
		46A9C9ED2B41DB4100EAD15C /* Screens */ = {
			isa = PBXGroup;
			children = (
				4607B2632B41A3FB005B3C9B /* ContentView.swift */,
				4607B2712B41A4CA005B3C9B /* LaunchScreenView.swift */,
				4607B2732B41ADE0005B3C9B /* LoginView.swift */,
			);
			path = Screens;
			sourceTree = "<group>";
		};
		46A9C9EE2B41DBB900EAD15C /* Components */ = {
			isa = PBXGroup;
			children = (
			);
			path = Components;
			sourceTree = "<group>";
		};
		46A9C9EF2B41DC2400EAD15C /* APIs */ = {
			isa = PBXGroup;
			children = (
				46A9C9F02B41E56700EAD15C /* KakaoAuthService.swift */,
				46A9C9F22B4536C300EAD15C /* AuthService.swift */,
			);
			path = APIs;
			sourceTree = "<group>";
		};
/* End PBXGroup section */

/* Begin PBXNativeTarget section */
		4607B25D2B41A3FB005B3C9B /* moham */ = {
			isa = PBXNativeTarget;
			buildConfigurationList = 4607B26C2B41A3FC005B3C9B /* Build configuration list for PBXNativeTarget "moham" */;
			buildPhases = (
				4607B25A2B41A3FB005B3C9B /* Sources */,
				4607B25B2B41A3FB005B3C9B /* Frameworks */,
				4607B25C2B41A3FB005B3C9B /* Resources */,
			);
			buildRules = (
			);
			dependencies = (
			);
			name = moham;
			packageProductDependencies = (
				46A9C9D42B41C28200EAD15C /* KakaoSDK */,
				46A9C9D62B41C28200EAD15C /* KakaoSDKAuth */,
				46A9C9D82B41C28200EAD15C /* KakaoSDKCert */,
				46A9C9DA2B41C28200EAD15C /* KakaoSDKCertCore */,
				46A9C9DC2B41C28200EAD15C /* KakaoSDKCommon */,
				46A9C9DE2B41C28200EAD15C /* KakaoSDKFriend */,
				46A9C9E02B41C28200EAD15C /* KakaoSDKFriendCore */,
				46A9C9E22B41C28200EAD15C /* KakaoSDKNavi */,
				46A9C9E42B41C28200EAD15C /* KakaoSDKShare */,
				46A9C9E62B41C28200EAD15C /* KakaoSDKTalk */,
				46A9C9E82B41C28200EAD15C /* KakaoSDKTemplate */,
				46A9C9EA2B41C28200EAD15C /* KakaoSDKUser */,
			);
			productName = moham;
			productReference = 4607B25E2B41A3FB005B3C9B /* moham.app */;
			productType = "com.apple.product-type.application";
		};
/* End PBXNativeTarget section */

/* Begin PBXProject section */
		4607B2562B41A3FB005B3C9B /* Project object */ = {
			isa = PBXProject;
			attributes = {
				BuildIndependentTargetsInParallel = 1;
				LastSwiftUpdateCheck = 1500;
				LastUpgradeCheck = 1500;
				TargetAttributes = {
					4607B25D2B41A3FB005B3C9B = {
						CreatedOnToolsVersion = 15.0.1;
					};
				};
			};
			buildConfigurationList = 4607B2592B41A3FB005B3C9B /* Build configuration list for PBXProject "moham" */;
			compatibilityVersion = "Xcode 14.0";
			developmentRegion = en;
			hasScannedForEncodings = 0;
			knownRegions = (
				en,
				Base,
			);
			mainGroup = 4607B2552B41A3FB005B3C9B;
			packageReferences = (
				46A9C9D32B41C28200EAD15C /* XCRemoteSwiftPackageReference "kakao-ios-sdk" */,
			);
			productRefGroup = 4607B25F2B41A3FB005B3C9B /* Products */;
			projectDirPath = "";
			projectRoot = "";
			targets = (
				4607B25D2B41A3FB005B3C9B /* moham */,
			);
		};
/* End PBXProject section */

/* Begin PBXResourcesBuildPhase section */
		4607B25C2B41A3FB005B3C9B /* Resources */ = {
			isa = PBXResourcesBuildPhase;
			buildActionMask = 2147483647;
			files = (
				4607B2692B41A3FC005B3C9B /* Preview Assets.xcassets in Resources */,
				4607B2662B41A3FC005B3C9B /* Assets.xcassets in Resources */,
			);
			runOnlyForDeploymentPostprocessing = 0;
		};
/* End PBXResourcesBuildPhase section */

/* Begin PBXSourcesBuildPhase section */
		4607B25A2B41A3FB005B3C9B /* Sources */ = {
			isa = PBXSourcesBuildPhase;
			buildActionMask = 2147483647;
			files = (
				46A9C9F12B41E56700EAD15C /* KakaoAuthService.swift in Sources */,
				4607B2642B41A3FB005B3C9B /* ContentView.swift in Sources */,
				4607B2622B41A3FB005B3C9B /* mohamApp.swift in Sources */,
				46A9C9F32B4536C300EAD15C /* AuthService.swift in Sources */,
				4607B2742B41ADE0005B3C9B /* LoginView.swift in Sources */,
				4607B2722B41A4CA005B3C9B /* LaunchScreenView.swift in Sources */,
			);
			runOnlyForDeploymentPostprocessing = 0;
		};
/* End PBXSourcesBuildPhase section */

/* Begin XCBuildConfiguration section */
		4607B26A2B41A3FC005B3C9B /* Debug */ = {
			isa = XCBuildConfiguration;
			baseConfigurationReference = 46A9C9EC2B41C32600EAD15C /* Config.xcconfig */;
			buildSettings = {
				ALWAYS_SEARCH_USER_PATHS = NO;
				ASSETCATALOG_COMPILER_GENERATE_SWIFT_ASSET_SYMBOL_EXTENSIONS = YES;
				CLANG_ANALYZER_NONNULL = YES;
				CLANG_ANALYZER_NUMBER_OBJECT_CONVERSION = YES_AGGRESSIVE;
				CLANG_CXX_LANGUAGE_STANDARD = "gnu++20";
				CLANG_ENABLE_MODULES = YES;
				CLANG_ENABLE_OBJC_ARC = YES;
				CLANG_ENABLE_OBJC_WEAK = YES;
				CLANG_WARN_BLOCK_CAPTURE_AUTORELEASING = YES;
				CLANG_WARN_BOOL_CONVERSION = YES;
				CLANG_WARN_COMMA = YES;
				CLANG_WARN_CONSTANT_CONVERSION = YES;
				CLANG_WARN_DEPRECATED_OBJC_IMPLEMENTATIONS = YES;
				CLANG_WARN_DIRECT_OBJC_ISA_USAGE = YES_ERROR;
				CLANG_WARN_DOCUMENTATION_COMMENTS = YES;
				CLANG_WARN_EMPTY_BODY = YES;
				CLANG_WARN_ENUM_CONVERSION = YES;
				CLANG_WARN_INFINITE_RECURSION = YES;
				CLANG_WARN_INT_CONVERSION = YES;
				CLANG_WARN_NON_LITERAL_NULL_CONVERSION = YES;
				CLANG_WARN_OBJC_IMPLICIT_RETAIN_SELF = YES;
				CLANG_WARN_OBJC_LITERAL_CONVERSION = YES;
				CLANG_WARN_OBJC_ROOT_CLASS = YES_ERROR;
				CLANG_WARN_QUOTED_INCLUDE_IN_FRAMEWORK_HEADER = YES;
				CLANG_WARN_RANGE_LOOP_ANALYSIS = YES;
				CLANG_WARN_STRICT_PROTOTYPES = YES;
				CLANG_WARN_SUSPICIOUS_MOVE = YES;
				CLANG_WARN_UNGUARDED_AVAILABILITY = YES_AGGRESSIVE;
				CLANG_WARN_UNREACHABLE_CODE = YES;
				CLANG_WARN__DUPLICATE_METHOD_MATCH = YES;
				COPY_PHASE_STRIP = NO;
				DEBUG_INFORMATION_FORMAT = dwarf;
				ENABLE_STRICT_OBJC_MSGSEND = YES;
				ENABLE_TESTABILITY = YES;
				ENABLE_USER_SCRIPT_SANDBOXING = YES;
				GCC_C_LANGUAGE_STANDARD = gnu17;
				GCC_DYNAMIC_NO_PIC = NO;
				GCC_NO_COMMON_BLOCKS = YES;
				GCC_OPTIMIZATION_LEVEL = 0;
				GCC_PREPROCESSOR_DEFINITIONS = (
					"DEBUG=1",
					"$(inherited)",
				);
				GCC_WARN_64_TO_32_BIT_CONVERSION = YES;
				GCC_WARN_ABOUT_RETURN_TYPE = YES_ERROR;
				GCC_WARN_UNDECLARED_SELECTOR = YES;
				GCC_WARN_UNINITIALIZED_AUTOS = YES_AGGRESSIVE;
				GCC_WARN_UNUSED_FUNCTION = YES;
				GCC_WARN_UNUSED_VARIABLE = YES;
				IPHONEOS_DEPLOYMENT_TARGET = 17.0;
				LOCALIZATION_PREFERS_STRING_CATALOGS = YES;
				MTL_ENABLE_DEBUG_INFO = INCLUDE_SOURCE;
				MTL_FAST_MATH = YES;
				ONLY_ACTIVE_ARCH = YES;
				SDKROOT = iphoneos;
				SWIFT_ACTIVE_COMPILATION_CONDITIONS = "DEBUG $(inherited)";
				SWIFT_OPTIMIZATION_LEVEL = "-Onone";
			};
			name = Debug;
		};
		4607B26B2B41A3FC005B3C9B /* Release */ = {
			isa = XCBuildConfiguration;
			baseConfigurationReference = 46A9C9EC2B41C32600EAD15C /* Config.xcconfig */;
			buildSettings = {
				ALWAYS_SEARCH_USER_PATHS = NO;
				ASSETCATALOG_COMPILER_GENERATE_SWIFT_ASSET_SYMBOL_EXTENSIONS = YES;
				CLANG_ANALYZER_NONNULL = YES;
				CLANG_ANALYZER_NUMBER_OBJECT_CONVERSION = YES_AGGRESSIVE;
				CLANG_CXX_LANGUAGE_STANDARD = "gnu++20";
				CLANG_ENABLE_MODULES = YES;
				CLANG_ENABLE_OBJC_ARC = YES;
				CLANG_ENABLE_OBJC_WEAK = YES;
				CLANG_WARN_BLOCK_CAPTURE_AUTORELEASING = YES;
				CLANG_WARN_BOOL_CONVERSION = YES;
				CLANG_WARN_COMMA = YES;
				CLANG_WARN_CONSTANT_CONVERSION = YES;
				CLANG_WARN_DEPRECATED_OBJC_IMPLEMENTATIONS = YES;
				CLANG_WARN_DIRECT_OBJC_ISA_USAGE = YES_ERROR;
				CLANG_WARN_DOCUMENTATION_COMMENTS = YES;
				CLANG_WARN_EMPTY_BODY = YES;
				CLANG_WARN_ENUM_CONVERSION = YES;
				CLANG_WARN_INFINITE_RECURSION = YES;
				CLANG_WARN_INT_CONVERSION = YES;
				CLANG_WARN_NON_LITERAL_NULL_CONVERSION = YES;
				CLANG_WARN_OBJC_IMPLICIT_RETAIN_SELF = YES;
				CLANG_WARN_OBJC_LITERAL_CONVERSION = YES;
				CLANG_WARN_OBJC_ROOT_CLASS = YES_ERROR;
				CLANG_WARN_QUOTED_INCLUDE_IN_FRAMEWORK_HEADER = YES;
				CLANG_WARN_RANGE_LOOP_ANALYSIS = YES;
				CLANG_WARN_STRICT_PROTOTYPES = YES;
				CLANG_WARN_SUSPICIOUS_MOVE = YES;
				CLANG_WARN_UNGUARDED_AVAILABILITY = YES_AGGRESSIVE;
				CLANG_WARN_UNREACHABLE_CODE = YES;
				CLANG_WARN__DUPLICATE_METHOD_MATCH = YES;
				COPY_PHASE_STRIP = NO;
				DEBUG_INFORMATION_FORMAT = "dwarf-with-dsym";
				ENABLE_NS_ASSERTIONS = NO;
				ENABLE_STRICT_OBJC_MSGSEND = YES;
				ENABLE_USER_SCRIPT_SANDBOXING = YES;
				GCC_C_LANGUAGE_STANDARD = gnu17;
				GCC_NO_COMMON_BLOCKS = YES;
				GCC_WARN_64_TO_32_BIT_CONVERSION = YES;
				GCC_WARN_ABOUT_RETURN_TYPE = YES_ERROR;
				GCC_WARN_UNDECLARED_SELECTOR = YES;
				GCC_WARN_UNINITIALIZED_AUTOS = YES_AGGRESSIVE;
				GCC_WARN_UNUSED_FUNCTION = YES;
				GCC_WARN_UNUSED_VARIABLE = YES;
				IPHONEOS_DEPLOYMENT_TARGET = 17.0;
				LOCALIZATION_PREFERS_STRING_CATALOGS = YES;
				MTL_ENABLE_DEBUG_INFO = NO;
				MTL_FAST_MATH = YES;
				SDKROOT = iphoneos;
				SWIFT_COMPILATION_MODE = wholemodule;
				VALIDATE_PRODUCT = YES;
			};
			name = Release;
		};
		4607B26D2B41A3FC005B3C9B /* Debug */ = {
			isa = XCBuildConfiguration;
			baseConfigurationReference = 46A9C9EC2B41C32600EAD15C /* Config.xcconfig */;
			buildSettings = {
				ASSETCATALOG_COMPILER_APPICON_NAME = AppIcon;
				ASSETCATALOG_COMPILER_GLOBAL_ACCENT_COLOR_NAME = AccentColor;
				CODE_SIGN_STYLE = Automatic;
				CURRENT_PROJECT_VERSION = 1;
				DEVELOPMENT_ASSET_PATHS = "\"moham/Preview Content\"";
				DEVELOPMENT_TEAM = 7WFMKKQT5U;
				ENABLE_PREVIEWS = YES;
				GENERATE_INFOPLIST_FILE = YES;
				INFOPLIST_FILE = moham/Info.plist;
				INFOPLIST_KEY_LSApplicationCategoryType = "";
				INFOPLIST_KEY_UIApplicationSceneManifest_Generation = YES;
				INFOPLIST_KEY_UIApplicationSupportsIndirectInputEvents = YES;
				INFOPLIST_KEY_UILaunchScreen_Generation = YES;
				INFOPLIST_KEY_UISupportedInterfaceOrientations_iPad = "UIInterfaceOrientationPortrait UIInterfaceOrientationPortraitUpsideDown UIInterfaceOrientationLandscapeLeft UIInterfaceOrientationLandscapeRight";
				INFOPLIST_KEY_UISupportedInterfaceOrientations_iPhone = "UIInterfaceOrientationPortrait UIInterfaceOrientationLandscapeLeft UIInterfaceOrientationLandscapeRight";
				LD_RUNPATH_SEARCH_PATHS = (
					"$(inherited)",
					"@executable_path/Frameworks",
				);
				MARKETING_VERSION = 1.0;
				PRODUCT_BUNDLE_IDENTIFIER = ysh.moham;
				PRODUCT_NAME = "$(TARGET_NAME)";
				SWIFT_EMIT_LOC_STRINGS = YES;
				SWIFT_VERSION = 5.0;
				TARGETED_DEVICE_FAMILY = "1,2";
			};
			name = Debug;
		};
		4607B26E2B41A3FC005B3C9B /* Release */ = {
			isa = XCBuildConfiguration;
			baseConfigurationReference = 46A9C9EC2B41C32600EAD15C /* Config.xcconfig */;
			buildSettings = {
				ASSETCATALOG_COMPILER_APPICON_NAME = AppIcon;
				ASSETCATALOG_COMPILER_GLOBAL_ACCENT_COLOR_NAME = AccentColor;
				CODE_SIGN_STYLE = Automatic;
				CURRENT_PROJECT_VERSION = 1;
				DEVELOPMENT_ASSET_PATHS = "\"moham/Preview Content\"";
				DEVELOPMENT_TEAM = 7WFMKKQT5U;
				ENABLE_PREVIEWS = YES;
				GENERATE_INFOPLIST_FILE = YES;
				INFOPLIST_FILE = moham/Info.plist;
				INFOPLIST_KEY_LSApplicationCategoryType = "";
				INFOPLIST_KEY_UIApplicationSceneManifest_Generation = YES;
				INFOPLIST_KEY_UIApplicationSupportsIndirectInputEvents = YES;
				INFOPLIST_KEY_UILaunchScreen_Generation = YES;
				INFOPLIST_KEY_UISupportedInterfaceOrientations_iPad = "UIInterfaceOrientationPortrait UIInterfaceOrientationPortraitUpsideDown UIInterfaceOrientationLandscapeLeft UIInterfaceOrientationLandscapeRight";
				INFOPLIST_KEY_UISupportedInterfaceOrientations_iPhone = "UIInterfaceOrientationPortrait UIInterfaceOrientationLandscapeLeft UIInterfaceOrientationLandscapeRight";
				LD_RUNPATH_SEARCH_PATHS = (
					"$(inherited)",
					"@executable_path/Frameworks",
				);
				MARKETING_VERSION = 1.0;
				PRODUCT_BUNDLE_IDENTIFIER = ysh.moham;
				PRODUCT_NAME = "$(TARGET_NAME)";
				SWIFT_EMIT_LOC_STRINGS = YES;
				SWIFT_VERSION = 5.0;
				TARGETED_DEVICE_FAMILY = "1,2";
			};
			name = Release;
		};
/* End XCBuildConfiguration section */

/* Begin XCConfigurationList section */
		4607B2592B41A3FB005B3C9B /* Build configuration list for PBXProject "moham" */ = {
			isa = XCConfigurationList;
			buildConfigurations = (
				4607B26A2B41A3FC005B3C9B /* Debug */,
				4607B26B2B41A3FC005B3C9B /* Release */,
			);
			defaultConfigurationIsVisible = 0;
			defaultConfigurationName = Release;
		};
		4607B26C2B41A3FC005B3C9B /* Build configuration list for PBXNativeTarget "moham" */ = {
			isa = XCConfigurationList;
			buildConfigurations = (
				4607B26D2B41A3FC005B3C9B /* Debug */,
				4607B26E2B41A3FC005B3C9B /* Release */,
			);
			defaultConfigurationIsVisible = 0;
			defaultConfigurationName = Release;
		};
/* End XCConfigurationList section */

/* Begin XCRemoteSwiftPackageReference section */
		46A9C9D32B41C28200EAD15C /* XCRemoteSwiftPackageReference "kakao-ios-sdk" */ = {
			isa = XCRemoteSwiftPackageReference;
			repositoryURL = "https://github.com/kakao/kakao-ios-sdk";
			requirement = {
				branch = master;
				kind = branch;
			};
		};
/* End XCRemoteSwiftPackageReference section */

/* Begin XCSwiftPackageProductDependency section */
		46A9C9D42B41C28200EAD15C /* KakaoSDK */ = {
			isa = XCSwiftPackageProductDependency;
			package = 46A9C9D32B41C28200EAD15C /* XCRemoteSwiftPackageReference "kakao-ios-sdk" */;
			productName = KakaoSDK;
		};
		46A9C9D62B41C28200EAD15C /* KakaoSDKAuth */ = {
			isa = XCSwiftPackageProductDependency;
			package = 46A9C9D32B41C28200EAD15C /* XCRemoteSwiftPackageReference "kakao-ios-sdk" */;
			productName = KakaoSDKAuth;
		};
		46A9C9D82B41C28200EAD15C /* KakaoSDKCert */ = {
			isa = XCSwiftPackageProductDependency;
			package = 46A9C9D32B41C28200EAD15C /* XCRemoteSwiftPackageReference "kakao-ios-sdk" */;
			productName = KakaoSDKCert;
		};
		46A9C9DA2B41C28200EAD15C /* KakaoSDKCertCore */ = {
			isa = XCSwiftPackageProductDependency;
			package = 46A9C9D32B41C28200EAD15C /* XCRemoteSwiftPackageReference "kakao-ios-sdk" */;
			productName = KakaoSDKCertCore;
		};
		46A9C9DC2B41C28200EAD15C /* KakaoSDKCommon */ = {
			isa = XCSwiftPackageProductDependency;
			package = 46A9C9D32B41C28200EAD15C /* XCRemoteSwiftPackageReference "kakao-ios-sdk" */;
			productName = KakaoSDKCommon;
		};
		46A9C9DE2B41C28200EAD15C /* KakaoSDKFriend */ = {
			isa = XCSwiftPackageProductDependency;
			package = 46A9C9D32B41C28200EAD15C /* XCRemoteSwiftPackageReference "kakao-ios-sdk" */;
			productName = KakaoSDKFriend;
		};
		46A9C9E02B41C28200EAD15C /* KakaoSDKFriendCore */ = {
			isa = XCSwiftPackageProductDependency;
			package = 46A9C9D32B41C28200EAD15C /* XCRemoteSwiftPackageReference "kakao-ios-sdk" */;
			productName = KakaoSDKFriendCore;
		};
		46A9C9E22B41C28200EAD15C /* KakaoSDKNavi */ = {
			isa = XCSwiftPackageProductDependency;
			package = 46A9C9D32B41C28200EAD15C /* XCRemoteSwiftPackageReference "kakao-ios-sdk" */;
			productName = KakaoSDKNavi;
		};
		46A9C9E42B41C28200EAD15C /* KakaoSDKShare */ = {
			isa = XCSwiftPackageProductDependency;
			package = 46A9C9D32B41C28200EAD15C /* XCRemoteSwiftPackageReference "kakao-ios-sdk" */;
			productName = KakaoSDKShare;
		};
		46A9C9E62B41C28200EAD15C /* KakaoSDKTalk */ = {
			isa = XCSwiftPackageProductDependency;
			package = 46A9C9D32B41C28200EAD15C /* XCRemoteSwiftPackageReference "kakao-ios-sdk" */;
			productName = KakaoSDKTalk;
		};
		46A9C9E82B41C28200EAD15C /* KakaoSDKTemplate */ = {
			isa = XCSwiftPackageProductDependency;
			package = 46A9C9D32B41C28200EAD15C /* XCRemoteSwiftPackageReference "kakao-ios-sdk" */;
			productName = KakaoSDKTemplate;
		};
		46A9C9EA2B41C28200EAD15C /* KakaoSDKUser */ = {
			isa = XCSwiftPackageProductDependency;
			package = 46A9C9D32B41C28200EAD15C /* XCRemoteSwiftPackageReference "kakao-ios-sdk" */;
			productName = KakaoSDKUser;
		};
/* End XCSwiftPackageProductDependency section */
	};
	rootObject = 4607B2562B41A3FB005B3C9B /* Project object */;
}
